
Microsoft Visual Studio Solution File, Format Version 12.00
# Visual Studio Version 17
VisualStudioVersion = 17.4.33403.182
MinimumVisualStudioVersion = 10.0.40219.1
Project("{9A19103F-16F7-4668-BE54-9A1E7A4F7556}") = "BerkTest", "BerkTest\BerkTest.csproj", "{8C8C29CD-8918-469A-A2DE-931384BFE454}"
EndProject
Project("{9A19103F-16F7-4668-BE54-9A1E7A4F7556}") = "TextMessage", "TextMessage\TextMessage.csproj", "{16C2F7F4-E37B-43CB-B04D-5674A79A8B75}"
EndProject
Project("{2150E333-8FDC-42A3-9474-1A3956D46DE8}") = "Calculator", "Calculator", "{3CE83A7C-30C4-4530-A6AF-30EAF8BCD675}"
EndProject
Project("{2150E333-8FDC-42A3-9474-1A3956D46DE8}") = "TextMessageProj", "TextMessageProj", "{63E8866E-1B26-4B39-B52C-FBF3A73C5752}"
EndProject
Project("{2150E333-8FDC-42A3-9474-1A3956D46DE8}") = "Singleton", "Singleton", "{FAB608EF-B8BB-43E0-8EED-E6A72A43DD3A}"
EndProject
Project("{9A19103F-16F7-4668-BE54-9A1E7A4F7556}") = "SingletonApp", "SingletonApp\SingletonApp.csproj", "{C3EE9861-9EE4-4200-8335-4CCE262319B7}"
EndProject
Project("{2150E333-8FDC-42A3-9474-1A3956D46DE8}") = "SOLID", "SOLID", "{7D41FE20-3E09-4DC2-A406-5928C146D56F}"
EndProject
Project("{9A19103F-16F7-4668-BE54-9A1E7A4F7556}") = "SolidApp", "SolidApp\SolidApp.csproj", "{88369CDF-EA1F-4163-AB8C-93CBA3F5C792}"
EndProject
Project("{2150E333-8FDC-42A3-9474-1A3956D46DE8}") = "CodeWars", "CodeWars", "{2A22F77B-9327-4244-B323-F883AAC9F54F}"
EndProject
Project("{FAE04EC0-301F-11D3-BF4B-00C04F79EFBC}") = "CodeWarsProjects", "CodeWarsProjects\CodeWarsProjects.csproj", "{975200DD-7025-4A76-9835-602DDC5D610D}"
EndProject
Global
	GlobalSection(SolutionConfigurationPlatforms) = preSolution
		Debug|Any CPU = Debug|Any CPU
		Release|Any CPU = Release|Any CPU
	EndGlobalSection
	GlobalSection(ProjectConfigurationPlatforms) = postSolution
		{8C8C29CD-8918-469A-A2DE-931384BFE454}.Debug|Any CPU.ActiveCfg = Debug|Any CPU
		{8C8C29CD-8918-469A-A2DE-931384BFE454}.Debug|Any CPU.Build.0 = Debug|Any CPU
		{8C8C29CD-8918-469A-A2DE-931384BFE454}.Release|Any CPU.ActiveCfg = Release|Any CPU
		{8C8C29CD-8918-469A-A2DE-931384BFE454}.Release|Any CPU.Build.0 = Release|Any CPU
		{16C2F7F4-E37B-43CB-B04D-5674A79A8B75}.Debug|Any CPU.ActiveCfg = Debug|Any CPU
		{16C2F7F4-E37B-43CB-B04D-5674A79A8B75}.Debug|Any CPU.Build.0 = Debug|Any CPU
		{16C2F7F4-E37B-43CB-B04D-5674A79A8B75}.Release|Any CPU.ActiveCfg = Release|Any CPU
		{16C2F7F4-E37B-43CB-B04D-5674A79A8B75}.Release|Any CPU.Build.0 = Release|Any CPU
		{C3EE9861-9EE4-4200-8335-4CCE262319B7}.Debug|Any CPU.ActiveCfg = Debug|Any CPU
		{C3EE9861-9EE4-4200-8335-4CCE262319B7}.Debug|Any CPU.Build.0 = Debug|Any CPU
		{C3EE9861-9EE4-4200-8335-4CCE262319B7}.Release|Any CPU.ActiveCfg = Release|Any CPU
		{C3EE9861-9EE4-4200-8335-4CCE262319B7}.Release|Any CPU.Build.0 = Release|Any CPU
		{88369CDF-EA1F-4163-AB8C-93CBA3F5C792}.Debug|Any CPU.ActiveCfg = Debug|Any CPU
		{88369CDF-EA1F-4163-AB8C-93CBA3F5C792}.Debug|Any CPU.Build.0 = Debug|Any CPU
		{88369CDF-EA1F-4163-AB8C-93CBA3F5C792}.Release|Any CPU.ActiveCfg = Release|Any CPU
		{88369CDF-EA1F-4163-AB8C-93CBA3F5C792}.Release|Any CPU.Build.0 = Release|Any CPU
		{975200DD-7025-4A76-9835-602DDC5D610D}.Debug|Any CPU.ActiveCfg = Debug|Any CPU
		{975200DD-7025-4A76-9835-602DDC5D610D}.Debug|Any CPU.Build.0 = Debug|Any CPU
		{975200DD-7025-4A76-9835-602DDC5D610D}.Release|Any CPU.ActiveCfg = Release|Any CPU
		{975200DD-7025-4A76-9835-602DDC5D610D}.Release|Any CPU.Build.0 = Release|Any CPU
	EndGlobalSection
	GlobalSection(SolutionProperties) = preSolution
		HideSolutionNode = FALSE
	EndGlobalSection
	GlobalSection(NestedProjects) = preSolution
		{8C8C29CD-8918-469A-A2DE-931384BFE454} = {3CE83A7C-30C4-4530-A6AF-30EAF8BCD675}
		{16C2F7F4-E37B-43CB-B04D-5674A79A8B75} = {63E8866E-1B26-4B39-B52C-FBF3A73C5752}
		{C3EE9861-9EE4-4200-8335-4CCE262319B7} = {FAB608EF-B8BB-43E0-8EED-E6A72A43DD3A}
		{88369CDF-EA1F-4163-AB8C-93CBA3F5C792} = {7D41FE20-3E09-4DC2-A406-5928C146D56F}
		{975200DD-7025-4A76-9835-602DDC5D610D} = {2A22F77B-9327-4244-B323-F883AAC9F54F}
	EndGlobalSection
	GlobalSection(ExtensibilityGlobals) = postSolution
		SolutionGuid = {4AFB094D-F08F-439B-81A4-6AC259A9BDCB}
	EndGlobalSection
EndGlobal
